
Microsoft Visual Studio Solution File, Format Version 12.00
# Visual Studio Version 16
VisualStudioVersion = 16.0.29519.181
MinimumVisualStudioVersion = 10.0.40219.1
Project("{8BC9CEB8-8B4A-11D0-8D11-00A0C91BC942}") = "Project", "Project\Project.vcxproj", "{F57E5ECD-41C6-4D5F-B483-4629570405F6}"
	ProjectSection(ProjectDependencies) = postProject
		{26653CAA-ECC6-40CF-B857-BB580F5B6498} = {26653CAA-ECC6-40CF-B857-BB580F5B6498}
	EndProjectSection
EndProject
Project("{8BC9CEB8-8B4A-11D0-8D11-00A0C91BC942}") = "ppm", "ppm\ppm.vcxproj", "{26653CAA-ECC6-40CF-B857-BB580F5B6498}"
EndProject
Project("{8BC9CEB8-8B4A-11D0-8D11-00A0C91BC942}") = "mainApp", "mainApp\mainApp.vcxproj", "{F59B4E76-E0CD-4E5E-8E9E-DE0D11A953EA}"
EndProject
Global
	GlobalSection(SolutionConfigurationPlatforms) = preSolution
		Debug|x64 = Debug|x64
		Debug|x86 = Debug|x86
		Release|x64 = Release|x64
		Release|x86 = Release|x86
	EndGlobalSection
	GlobalSection(ProjectConfigurationPlatforms) = postSolution
		{F57E5ECD-41C6-4D5F-B483-4629570405F6}.Debug|x64.ActiveCfg = Debug|x64
		{F57E5ECD-41C6-4D5F-B483-4629570405F6}.Debug|x64.Build.0 = Debug|x64
		{F57E5ECD-41C6-4D5F-B483-4629570405F6}.Debug|x86.ActiveCfg = Debug|Win32
		{F57E5ECD-41C6-4D5F-B483-4629570405F6}.Debug|x86.Build.0 = Debug|Win32
		{F57E5ECD-41C6-4D5F-B483-4629570405F6}.Release|x64.ActiveCfg = Release|x64
		{F57E5ECD-41C6-4D5F-B483-4629570405F6}.Release|x64.Build.0 = Release|x64
		{F57E5ECD-41C6-4D5F-B483-4629570405F6}.Release|x86.ActiveCfg = Release|Win32
		{F57E5ECD-41C6-4D5F-B483-4629570405F6}.Release|x86.Build.0 = Release|Win32
		{26653CAA-ECC6-40CF-B857-BB580F5B6498}.Debug|x64.ActiveCfg = Debug|x64
		{26653CAA-ECC6-40CF-B857-BB580F5B6498}.Debug|x64.Build.0 = Debug|x64
		{26653CAA-ECC6-40CF-B857-BB580F5B6498}.Debug|x86.ActiveCfg = Debug|Win32
		{26653CAA-ECC6-40CF-B857-BB580F5B6498}.Debug|x86.Build.0 = Debug|Win32
		{26653CAA-ECC6-40CF-B857-BB580F5B6498}.Release|x64.ActiveCfg = Release|x64
		{26653CAA-ECC6-40CF-B857-BB580F5B6498}.Release|x64.Build.0 = Release|x64
		{26653CAA-ECC6-40CF-B857-BB580F5B6498}.Release|x86.ActiveCfg = Release|Win32
		{26653CAA-ECC6-40CF-B857-BB580F5B6498}.Release|x86.Build.0 = Release|Win32
		{F59B4E76-E0CD-4E5E-8E9E-DE0D11A953EA}.Debug|x64.ActiveCfg = Debug|x64
		{F59B4E76-E0CD-4E5E-8E9E-DE0D11A953EA}.Debug|x64.Build.0 = Debug|x64
		{F59B4E76-E0CD-4E5E-8E9E-DE0D11A953EA}.Debug|x86.ActiveCfg = Debug|Win32
		{F59B4E76-E0CD-4E5E-8E9E-DE0D11A953EA}.Debug|x86.Build.0 = Debug|Win32
		{F59B4E76-E0CD-4E5E-8E9E-DE0D11A953EA}.Release|x64.ActiveCfg = Release|x64
		{F59B4E76-E0CD-4E5E-8E9E-DE0D11A953EA}.Release|x64.Build.0 = Release|x64
		{F59B4E76-E0CD-4E5E-8E9E-DE0D11A953EA}.Release|x86.ActiveCfg = Release|Win32
		{F59B4E76-E0CD-4E5E-8E9E-DE0D11A953EA}.Release|x86.Build.0 = Release|Win32
	EndGlobalSection
	GlobalSection(SolutionProperties) = preSolution
		HideSolutionNode = FALSE
	EndGlobalSection
	GlobalSection(ExtensibilityGlobals) = postSolution
		SolutionGuid = {72E7A247-EE51-4B78-B46A-90FBF6512D10}
	EndGlobalSection
EndGlobal
